// !$*UTF8*$!
{
	archiveVersion = 1;
	classes = {
	};
	objectVersion = 56;
	objects = {

/* Begin PBXBuildFile section */
		D31639D82C7622E60069F938 /* PracticumProjectApp.swift in Sources */ = {isa = PBXBuildFile; fileRef = D31639D72C7622E60069F938 /* PracticumProjectApp.swift */; };
		D31639DA2C7622E60069F938 /* ContentView.swift in Sources */ = {isa = PBXBuildFile; fileRef = D31639D92C7622E60069F938 /* ContentView.swift */; };
		D31639DC2C7622E70069F938 /* Assets.xcassets in Resources */ = {isa = PBXBuildFile; fileRef = D31639DB2C7622E70069F938 /* Assets.xcassets */; };
		D31639DF2C7622E70069F938 /* Preview Assets.xcassets in Resources */ = {isa = PBXBuildFile; fileRef = D31639DE2C7622E70069F938 /* Preview Assets.xcassets */; };
		D366B53E2C8B3C2100C02E8A /* HowToView.swift in Sources */ = {isa = PBXBuildFile; fileRef = D366B53D2C8B3C2100C02E8A /* HowToView.swift */; };
		D38C9BC22C8223C4004D9000 /* AddHoleViewModel.swift in Sources */ = {isa = PBXBuildFile; fileRef = D38C9BA52C8223C4004D9000 /* AddHoleViewModel.swift */; };
		D38C9BC32C8223C4004D9000 /* EditGameViewModel.swift in Sources */ = {isa = PBXBuildFile; fileRef = D38C9BA62C8223C4004D9000 /* EditGameViewModel.swift */; };
		D38C9BC42C8223C4004D9000 /* EditHoleViewModel.swift in Sources */ = {isa = PBXBuildFile; fileRef = D38C9BA72C8223C4004D9000 /* EditHoleViewModel.swift */; };
		D38C9BC52C8223C4004D9000 /* GamesListViewModel.swift in Sources */ = {isa = PBXBuildFile; fileRef = D38C9BA82C8223C4004D9000 /* GamesListViewModel.swift */; };
		D38C9BC62C8223C4004D9000 /* GameViewModel.swift in Sources */ = {isa = PBXBuildFile; fileRef = D38C9BA92C8223C4004D9000 /* GameViewModel.swift */; };
		D38C9BC72C8223C4004D9000 /* LoginViewModel.swift in Sources */ = {isa = PBXBuildFile; fileRef = D38C9BAA2C8223C4004D9000 /* LoginViewModel.swift */; };
		D38C9BC82C8223C4004D9000 /* MainViewModel.swift in Sources */ = {isa = PBXBuildFile; fileRef = D38C9BAB2C8223C4004D9000 /* MainViewModel.swift */; };
		D38C9BC92C8223C4004D9000 /* NewGameViewModel.swift in Sources */ = {isa = PBXBuildFile; fileRef = D38C9BAC2C8223C4004D9000 /* NewGameViewModel.swift */; };
		D38C9BCB2C8223C4004D9000 /* ProfileViewModel.swift in Sources */ = {isa = PBXBuildFile; fileRef = D38C9BAE2C8223C4004D9000 /* ProfileViewModel.swift */; };
		D38C9BCC2C8223C4004D9000 /* RegisterViewModel.swift in Sources */ = {isa = PBXBuildFile; fileRef = D38C9BAF2C8223C4004D9000 /* RegisterViewModel.swift */; };
		D38C9BCD2C8223C4004D9000 /* AddHoleView.swift in Sources */ = {isa = PBXBuildFile; fileRef = D38C9BB12C8223C4004D9000 /* AddHoleView.swift */; };
		D38C9BCE2C8223C4004D9000 /* CustomButton.swift in Sources */ = {isa = PBXBuildFile; fileRef = D38C9BB22C8223C4004D9000 /* CustomButton.swift */; };
		D38C9BCF2C8223C4004D9000 /* EditGameView.swift in Sources */ = {isa = PBXBuildFile; fileRef = D38C9BB32C8223C4004D9000 /* EditGameView.swift */; };
		D38C9BD02C8223C4004D9000 /* EditHoleView.swift in Sources */ = {isa = PBXBuildFile; fileRef = D38C9BB42C8223C4004D9000 /* EditHoleView.swift */; };
		D38C9BD12C8223C4004D9000 /* GamesListView.swift in Sources */ = {isa = PBXBuildFile; fileRef = D38C9BB52C8223C4004D9000 /* GamesListView.swift */; };
		D38C9BD22C8223C4004D9000 /* GameView.swift in Sources */ = {isa = PBXBuildFile; fileRef = D38C9BB62C8223C4004D9000 /* GameView.swift */; };
		D38C9BD32C8223C4004D9000 /* HoleView.swift in Sources */ = {isa = PBXBuildFile; fileRef = D38C9BB72C8223C4004D9000 /* HoleView.swift */; };
		D38C9BD42C8223C4004D9000 /* LoginView.swift in Sources */ = {isa = PBXBuildFile; fileRef = D38C9BB82C8223C4004D9000 /* LoginView.swift */; };
		D38C9BD52C8223C4004D9000 /* MainView.swift in Sources */ = {isa = PBXBuildFile; fileRef = D38C9BB92C8223C4004D9000 /* MainView.swift */; };
		D38C9BD62C8223C4004D9000 /* NewGameView.swift in Sources */ = {isa = PBXBuildFile; fileRef = D38C9BBA2C8223C4004D9000 /* NewGameView.swift */; };
		D38C9BD72C8223C4004D9000 /* ProfileView.swift in Sources */ = {isa = PBXBuildFile; fileRef = D38C9BBB2C8223C4004D9000 /* ProfileView.swift */; };
		D38C9BD82C8223C4004D9000 /* RegisterView.swift in Sources */ = {isa = PBXBuildFile; fileRef = D38C9BBC2C8223C4004D9000 /* RegisterView.swift */; };
		D38C9BD92C8223C4004D9000 /* Game.swift in Sources */ = {isa = PBXBuildFile; fileRef = D38C9BBE2C8223C4004D9000 /* Game.swift */; };
		D38C9BDA2C8223C4004D9000 /* Hole.swift in Sources */ = {isa = PBXBuildFile; fileRef = D38C9BBF2C8223C4004D9000 /* Hole.swift */; };
		D38C9BDB2C8223C4004D9000 /* User.swift in Sources */ = {isa = PBXBuildFile; fileRef = D38C9BC02C8223C4004D9000 /* User.swift */; };
		D38C9BDE2C8223FC004D9000 /* FirebaseAuth in Frameworks */ = {isa = PBXBuildFile; productRef = D38C9BDD2C8223FC004D9000 /* FirebaseAuth */; };
		D38C9BE02C8223FC004D9000 /* FirebaseFirestore in Frameworks */ = {isa = PBXBuildFile; productRef = D38C9BDF2C8223FC004D9000 /* FirebaseFirestore */; };
		D38C9BE22C822469004D9000 /* Extensions.swift in Sources */ = {isa = PBXBuildFile; fileRef = D38C9BE12C822469004D9000 /* Extensions.swift */; };
		D38C9BE42C822472004D9000 /* GoogleService-Info.plist in Resources */ = {isa = PBXBuildFile; fileRef = D38C9BE32C822472004D9000 /* GoogleService-Info.plist */; };
		D3EC84482C89DAEA001BD343 /* SetttingsView.swift in Sources */ = {isa = PBXBuildFile; fileRef = D3EC84472C89DAEA001BD343 /* SetttingsView.swift */; };
		D3EC844A2C89DB38001BD343 /* SettingsViewModel.swift in Sources */ = {isa = PBXBuildFile; fileRef = D3EC84492C89DB38001BD343 /* SettingsViewModel.swift */; };
/* End PBXBuildFile section */

/* Begin PBXFileReference section */
		D31639D42C7622E60069F938 /* PracticumProject.app */ = {isa = PBXFileReference; explicitFileType = wrapper.application; includeInIndex = 0; path = PracticumProject.app; sourceTree = BUILT_PRODUCTS_DIR; };
		D31639D72C7622E60069F938 /* PracticumProjectApp.swift */ = {isa = PBXFileReference; lastKnownFileType = sourcecode.swift; path = PracticumProjectApp.swift; sourceTree = "<group>"; };
		D31639D92C7622E60069F938 /* ContentView.swift */ = {isa = PBXFileReference; lastKnownFileType = sourcecode.swift; path = ContentView.swift; sourceTree = "<group>"; };
		D31639DB2C7622E70069F938 /* Assets.xcassets */ = {isa = PBXFileReference; lastKnownFileType = folder.assetcatalog; path = Assets.xcassets; sourceTree = "<group>"; };
		D31639DE2C7622E70069F938 /* Preview Assets.xcassets */ = {isa = PBXFileReference; lastKnownFileType = folder.assetcatalog; path = "Preview Assets.xcassets"; sourceTree = "<group>"; };
		D366B53D2C8B3C2100C02E8A /* HowToView.swift */ = {isa = PBXFileReference; lastKnownFileType = sourcecode.swift; path = HowToView.swift; sourceTree = "<group>"; };
		D38C9BA52C8223C4004D9000 /* AddHoleViewModel.swift */ = {isa = PBXFileReference; fileEncoding = 4; lastKnownFileType = sourcecode.swift; path = AddHoleViewModel.swift; sourceTree = "<group>"; };
		D38C9BA62C8223C4004D9000 /* EditGameViewModel.swift */ = {isa = PBXFileReference; fileEncoding = 4; lastKnownFileType = sourcecode.swift; path = EditGameViewModel.swift; sourceTree = "<group>"; };
		D38C9BA72C8223C4004D9000 /* EditHoleViewModel.swift */ = {isa = PBXFileReference; fileEncoding = 4; lastKnownFileType = sourcecode.swift; path = EditHoleViewModel.swift; sourceTree = "<group>"; };
		D38C9BA82C8223C4004D9000 /* GamesListViewModel.swift */ = {isa = PBXFileReference; fileEncoding = 4; lastKnownFileType = sourcecode.swift; path = GamesListViewModel.swift; sourceTree = "<group>"; };
		D38C9BA92C8223C4004D9000 /* GameViewModel.swift */ = {isa = PBXFileReference; fileEncoding = 4; lastKnownFileType = sourcecode.swift; path = GameViewModel.swift; sourceTree = "<group>"; };
		D38C9BAA2C8223C4004D9000 /* LoginViewModel.swift */ = {isa = PBXFileReference; fileEncoding = 4; lastKnownFileType = sourcecode.swift; path = LoginViewModel.swift; sourceTree = "<group>"; };
		D38C9BAB2C8223C4004D9000 /* MainViewModel.swift */ = {isa = PBXFileReference; fileEncoding = 4; lastKnownFileType = sourcecode.swift; path = MainViewModel.swift; sourceTree = "<group>"; };
		D38C9BAC2C8223C4004D9000 /* NewGameViewModel.swift */ = {isa = PBXFileReference; fileEncoding = 4; lastKnownFileType = sourcecode.swift; path = NewGameViewModel.swift; sourceTree = "<group>"; };
		D38C9BAE2C8223C4004D9000 /* ProfileViewModel.swift */ = {isa = PBXFileReference; fileEncoding = 4; lastKnownFileType = sourcecode.swift; path = ProfileViewModel.swift; sourceTree = "<group>"; };
		D38C9BAF2C8223C4004D9000 /* RegisterViewModel.swift */ = {isa = PBXFileReference; fileEncoding = 4; lastKnownFileType = sourcecode.swift; path = RegisterViewModel.swift; sourceTree = "<group>"; };
		D38C9BB12C8223C4004D9000 /* AddHoleView.swift */ = {isa = PBXFileReference; fileEncoding = 4; lastKnownFileType = sourcecode.swift; path = AddHoleView.swift; sourceTree = "<group>"; };
		D38C9BB22C8223C4004D9000 /* CustomButton.swift */ = {isa = PBXFileReference; fileEncoding = 4; lastKnownFileType = sourcecode.swift; path = CustomButton.swift; sourceTree = "<group>"; };
		D38C9BB32C8223C4004D9000 /* EditGameView.swift */ = {isa = PBXFileReference; fileEncoding = 4; lastKnownFileType = sourcecode.swift; path = EditGameView.swift; sourceTree = "<group>"; };
		D38C9BB42C8223C4004D9000 /* EditHoleView.swift */ = {isa = PBXFileReference; fileEncoding = 4; lastKnownFileType = sourcecode.swift; path = EditHoleView.swift; sourceTree = "<group>"; };
		D38C9BB52C8223C4004D9000 /* GamesListView.swift */ = {isa = PBXFileReference; fileEncoding = 4; lastKnownFileType = sourcecode.swift; path = GamesListView.swift; sourceTree = "<group>"; };
		D38C9BB62C8223C4004D9000 /* GameView.swift */ = {isa = PBXFileReference; fileEncoding = 4; lastKnownFileType = sourcecode.swift; path = GameView.swift; sourceTree = "<group>"; };
		D38C9BB72C8223C4004D9000 /* HoleView.swift */ = {isa = PBXFileReference; fileEncoding = 4; lastKnownFileType = sourcecode.swift; path = HoleView.swift; sourceTree = "<group>"; };
		D38C9BB82C8223C4004D9000 /* LoginView.swift */ = {isa = PBXFileReference; fileEncoding = 4; lastKnownFileType = sourcecode.swift; path = LoginView.swift; sourceTree = "<group>"; };
		D38C9BB92C8223C4004D9000 /* MainView.swift */ = {isa = PBXFileReference; fileEncoding = 4; lastKnownFileType = sourcecode.swift; path = MainView.swift; sourceTree = "<group>"; };
		D38C9BBA2C8223C4004D9000 /* NewGameView.swift */ = {isa = PBXFileReference; fileEncoding = 4; lastKnownFileType = sourcecode.swift; path = NewGameView.swift; sourceTree = "<group>"; };
		D38C9BBB2C8223C4004D9000 /* ProfileView.swift */ = {isa = PBXFileReference; fileEncoding = 4; lastKnownFileType = sourcecode.swift; path = ProfileView.swift; sourceTree = "<group>"; };
		D38C9BBC2C8223C4004D9000 /* RegisterView.swift */ = {isa = PBXFileReference; fileEncoding = 4; lastKnownFileType = sourcecode.swift; path = RegisterView.swift; sourceTree = "<group>"; };
		D38C9BBE2C8223C4004D9000 /* Game.swift */ = {isa = PBXFileReference; fileEncoding = 4; lastKnownFileType = sourcecode.swift; path = Game.swift; sourceTree = "<group>"; };
		D38C9BBF2C8223C4004D9000 /* Hole.swift */ = {isa = PBXFileReference; fileEncoding = 4; lastKnownFileType = sourcecode.swift; path = Hole.swift; sourceTree = "<group>"; };
		D38C9BC02C8223C4004D9000 /* User.swift */ = {isa = PBXFileReference; fileEncoding = 4; lastKnownFileType = sourcecode.swift; path = User.swift; sourceTree = "<group>"; };
		D38C9BE12C822469004D9000 /* Extensions.swift */ = {isa = PBXFileReference; fileEncoding = 4; lastKnownFileType = sourcecode.swift; path = Extensions.swift; sourceTree = "<group>"; };
		D38C9BE32C822472004D9000 /* GoogleService-Info.plist */ = {isa = PBXFileReference; fileEncoding = 4; lastKnownFileType = text.plist.xml; path = "GoogleService-Info.plist"; sourceTree = "<group>"; };
		D3EC84472C89DAEA001BD343 /* SetttingsView.swift */ = {isa = PBXFileReference; lastKnownFileType = sourcecode.swift; path = SetttingsView.swift; sourceTree = "<group>"; };
		D3EC84492C89DB38001BD343 /* SettingsViewModel.swift */ = {isa = PBXFileReference; lastKnownFileType = sourcecode.swift; path = SettingsViewModel.swift; sourceTree = "<group>"; };
/* End PBXFileReference section */

/* Begin PBXFrameworksBuildPhase section */
		D31639D12C7622E60069F938 /* Frameworks */ = {
			isa = PBXFrameworksBuildPhase;
			buildActionMask = 2147483647;
			files = (
				D38C9BDE2C8223FC004D9000 /* FirebaseAuth in Frameworks */,
				D38C9BE02C8223FC004D9000 /* FirebaseFirestore in Frameworks */,
			);
			runOnlyForDeploymentPostprocessing = 0;
		};
/* End PBXFrameworksBuildPhase section */

/* Begin PBXGroup section */
		D31639CB2C7622E60069F938 = {
			isa = PBXGroup;
			children = (
				D38C9BBD2C8223C4004D9000 /* Views */,
				D38C9BB02C8223C4004D9000 /* ViewModels */,
				D38C9BC12C8223C4004D9000 /* Models */,
				D31639D62C7622E60069F938 /* PracticumProject */,
				D31639D52C7622E60069F938 /* Products */,
			);
			sourceTree = "<group>";
		};
		D31639D52C7622E60069F938 /* Products */ = {
			isa = PBXGroup;
			children = (
				D31639D42C7622E60069F938 /* PracticumProject.app */,
			);
			name = Products;
			sourceTree = "<group>";
		};
		D31639D62C7622E60069F938 /* PracticumProject */ = {
			isa = PBXGroup;
			children = (
				D38C9BE32C822472004D9000 /* GoogleService-Info.plist */,
				D38C9BE12C822469004D9000 /* Extensions.swift */,
				D31639D72C7622E60069F938 /* PracticumProjectApp.swift */,
				D31639D92C7622E60069F938 /* ContentView.swift */,
				D31639DB2C7622E70069F938 /* Assets.xcassets */,
				D31639DD2C7622E70069F938 /* Preview Content */,
			);
			path = PracticumProject;
			sourceTree = "<group>";
		};
		D31639DD2C7622E70069F938 /* Preview Content */ = {
			isa = PBXGroup;
			children = (
				D31639DE2C7622E70069F938 /* Preview Assets.xcassets */,
			);
			path = "Preview Content";
			sourceTree = "<group>";
		};
		D38C9BB02C8223C4004D9000 /* ViewModels */ = {
			isa = PBXGroup;
			children = (
				D38C9BA52C8223C4004D9000 /* AddHoleViewModel.swift */,
				D38C9BA62C8223C4004D9000 /* EditGameViewModel.swift */,
				D38C9BA72C8223C4004D9000 /* EditHoleViewModel.swift */,
				D38C9BA82C8223C4004D9000 /* GamesListViewModel.swift */,
				D38C9BA92C8223C4004D9000 /* GameViewModel.swift */,
				D38C9BAA2C8223C4004D9000 /* LoginViewModel.swift */,
				D38C9BAB2C8223C4004D9000 /* MainViewModel.swift */,
				D38C9BAC2C8223C4004D9000 /* NewGameViewModel.swift */,
				D38C9BAE2C8223C4004D9000 /* ProfileViewModel.swift */,
				D38C9BAF2C8223C4004D9000 /* RegisterViewModel.swift */,
				D3EC84492C89DB38001BD343 /* SettingsViewModel.swift */,
			);
			path = ViewModels;
			sourceTree = "<group>";
		};
		D38C9BBD2C8223C4004D9000 /* Views */ = {
			isa = PBXGroup;
			children = (
				D38C9BB12C8223C4004D9000 /* AddHoleView.swift */,
				D38C9BB22C8223C4004D9000 /* CustomButton.swift */,
				D38C9BB32C8223C4004D9000 /* EditGameView.swift */,
				D38C9BB42C8223C4004D9000 /* EditHoleView.swift */,
				D38C9BB52C8223C4004D9000 /* GamesListView.swift */,
				D38C9BB62C8223C4004D9000 /* GameView.swift */,
				D38C9BB72C8223C4004D9000 /* HoleView.swift */,
				D38C9BB82C8223C4004D9000 /* LoginView.swift */,
				D38C9BB92C8223C4004D9000 /* MainView.swift */,
				D38C9BBA2C8223C4004D9000 /* NewGameView.swift */,
				D38C9BBB2C8223C4004D9000 /* ProfileView.swift */,
				D38C9BBC2C8223C4004D9000 /* RegisterView.swift */,
				D3EC84472C89DAEA001BD343 /* SetttingsView.swift */,
				D366B53D2C8B3C2100C02E8A /* HowToView.swift */,
			);
			path = Views;
			sourceTree = "<group>";
		};
		D38C9BC12C8223C4004D9000 /* Models */ = {
			isa = PBXGroup;
			children = (
				D38C9BBE2C8223C4004D9000 /* Game.swift */,
				D38C9BBF2C8223C4004D9000 /* Hole.swift */,
				D38C9BC02C8223C4004D9000 /* User.swift */,
			);
			path = Models;
			sourceTree = "<group>";
		};
/* End PBXGroup section */

/* Begin PBXNativeTarget section */
		D31639D32C7622E60069F938 /* PracticumProject */ = {
			isa = PBXNativeTarget;
			buildConfigurationList = D31639E22C7622E70069F938 /* Build configuration list for PBXNativeTarget "PracticumProject" */;
			buildPhases = (
				D31639D02C7622E60069F938 /* Sources */,
				D31639D12C7622E60069F938 /* Frameworks */,
				D31639D22C7622E60069F938 /* Resources */,
			);
			buildRules = (
			);
			dependencies = (
			);
			name = PracticumProject;
			packageProductDependencies = (
				D38C9BDD2C8223FC004D9000 /* FirebaseAuth */,
				D38C9BDF2C8223FC004D9000 /* FirebaseFirestore */,
			);
			productName = PracticumProject;
			productReference = D31639D42C7622E60069F938 /* PracticumProject.app */;
			productType = "com.apple.product-type.application";
		};
/* End PBXNativeTarget section */

/* Begin PBXProject section */
		D31639CC2C7622E60069F938 /* Project object */ = {
			isa = PBXProject;
			attributes = {
				BuildIndependentTargetsInParallel = 1;
				LastSwiftUpdateCheck = 1540;
				LastUpgradeCheck = 1540;
				TargetAttributes = {
					D31639D32C7622E60069F938 = {
						CreatedOnToolsVersion = 15.4;
					};
				};
			};
			buildConfigurationList = D31639CF2C7622E60069F938 /* Build configuration list for PBXProject "PracticumProject" */;
			compatibilityVersion = "Xcode 14.0";
			developmentRegion = en;
			hasScannedForEncodings = 0;
			knownRegions = (
				en,
				Base,
			);
			mainGroup = D31639CB2C7622E60069F938;
			packageReferences = (
				D38C9BDC2C8223FC004D9000 /* XCRemoteSwiftPackageReference "firebase-ios-sdk" */,
			);
			productRefGroup = D31639D52C7622E60069F938 /* Products */;
			projectDirPath = "";
			projectRoot = "";
			targets = (
				D31639D32C7622E60069F938 /* PracticumProject */,
			);
		};
/* End PBXProject section */

/* Begin PBXResourcesBuildPhase section */
		D31639D22C7622E60069F938 /* Resources */ = {
			isa = PBXResourcesBuildPhase;
			buildActionMask = 2147483647;
			files = (
				D31639DF2C7622E70069F938 /* Preview Assets.xcassets in Resources */,
				D31639DC2C7622E70069F938 /* Assets.xcassets in Resources */,
				D38C9BE42C822472004D9000 /* GoogleService-Info.plist in Resources */,
			);
			runOnlyForDeploymentPostprocessing = 0;
		};
/* End PBXResourcesBuildPhase section */

/* Begin PBXSourcesBuildPhase section */
		D31639D02C7622E60069F938 /* Sources */ = {
			isa = PBXSourcesBuildPhase;
			buildActionMask = 2147483647;
			files = (
				D31639DA2C7622E60069F938 /* ContentView.swift in Sources */,
				D31639D82C7622E60069F938 /* PracticumProjectApp.swift in Sources */,
				D38C9BD92C8223C4004D9000 /* Game.swift in Sources */,
				D38C9BC42C8223C4004D9000 /* EditHoleViewModel.swift in Sources */,
				D38C9BD32C8223C4004D9000 /* HoleView.swift in Sources */,
				D3EC844A2C89DB38001BD343 /* SettingsViewModel.swift in Sources */,
				D38C9BC32C8223C4004D9000 /* EditGameViewModel.swift in Sources */,
				D38C9BE22C822469004D9000 /* Extensions.swift in Sources */,
				D366B53E2C8B3C2100C02E8A /* HowToView.swift in Sources */,
				D38C9BC72C8223C4004D9000 /* LoginViewModel.swift in Sources */,
				D38C9BD52C8223C4004D9000 /* MainView.swift in Sources */,
				D38C9BCB2C8223C4004D9000 /* ProfileViewModel.swift in Sources */,
				D38C9BC52C8223C4004D9000 /* GamesListViewModel.swift in Sources */,
				D38C9BD02C8223C4004D9000 /* EditHoleView.swift in Sources */,
				D38C9BD82C8223C4004D9000 /* RegisterView.swift in Sources */,
				D38C9BCF2C8223C4004D9000 /* EditGameView.swift in Sources */,
				D38C9BCC2C8223C4004D9000 /* RegisterViewModel.swift in Sources */,
				D38C9BC22C8223C4004D9000 /* AddHoleViewModel.swift in Sources */,
				D38C9BD12C8223C4004D9000 /* GamesListView.swift in Sources */,
				D38C9BD22C8223C4004D9000 /* GameView.swift in Sources */,
				D38C9BD72C8223C4004D9000 /* ProfileView.swift in Sources */,
				D38C9BD42C8223C4004D9000 /* LoginView.swift in Sources */,
				D38C9BDB2C8223C4004D9000 /* User.swift in Sources */,
				D38C9BC62C8223C4004D9000 /* GameViewModel.swift in Sources */,
				D38C9BC82C8223C4004D9000 /* MainViewModel.swift in Sources */,
				D38C9BDA2C8223C4004D9000 /* Hole.swift in Sources */,
				D38C9BCD2C8223C4004D9000 /* AddHoleView.swift in Sources */,
				D38C9BD62C8223C4004D9000 /* NewGameView.swift in Sources */,
				D38C9BC92C8223C4004D9000 /* NewGameViewModel.swift in Sources */,
				D3EC84482C89DAEA001BD343 /* SetttingsView.swift in Sources */,
				D38C9BCE2C8223C4004D9000 /* CustomButton.swift in Sources */,
			);
			runOnlyForDeploymentPostprocessing = 0;
		};
/* End PBXSourcesBuildPhase section */

/* Begin XCBuildConfiguration section */
		D31639E02C7622E70069F938 /* Debug */ = {
			isa = XCBuildConfiguration;
			buildSettings = {
				ALWAYS_SEARCH_USER_PATHS = NO;
				ASSETCATALOG_COMPILER_GENERATE_SWIFT_ASSET_SYMBOL_EXTENSIONS = YES;
				CLANG_ANALYZER_NONNULL = YES;
				CLANG_ANALYZER_NUMBER_OBJECT_CONVERSION = YES_AGGRESSIVE;
				CLANG_CXX_LANGUAGE_STANDARD = "gnu++20";
				CLANG_ENABLE_MODULES = YES;
				CLANG_ENABLE_OBJC_ARC = YES;
				CLANG_ENABLE_OBJC_WEAK = YES;
				CLANG_WARN_BLOCK_CAPTURE_AUTORELEASING = YES;
				CLANG_WARN_BOOL_CONVERSION = YES;
				CLANG_WARN_COMMA = YES;
				CLANG_WARN_CONSTANT_CONVERSION = YES;
				CLANG_WARN_DEPRECATED_OBJC_IMPLEMENTATIONS = YES;
				CLANG_WARN_DIRECT_OBJC_ISA_USAGE = YES_ERROR;
				CLANG_WARN_DOCUMENTATION_COMMENTS = YES;
				CLANG_WARN_EMPTY_BODY = YES;
				CLANG_WARN_ENUM_CONVERSION = YES;
				CLANG_WARN_INFINITE_RECURSION = YES;
				CLANG_WARN_INT_CONVERSION = YES;
				CLANG_WARN_NON_LITERAL_NULL_CONVERSION = YES;
				CLANG_WARN_OBJC_IMPLICIT_RETAIN_SELF = YES;
				CLANG_WARN_OBJC_LITERAL_CONVERSION = YES;
				CLANG_WARN_OBJC_ROOT_CLASS = YES_ERROR;
				CLANG_WARN_QUOTED_INCLUDE_IN_FRAMEWORK_HEADER = YES;
				CLANG_WARN_RANGE_LOOP_ANALYSIS = YES;
				CLANG_WARN_STRICT_PROTOTYPES = YES;
				CLANG_WARN_SUSPICIOUS_MOVE = YES;
				CLANG_WARN_UNGUARDED_AVAILABILITY = YES_AGGRESSIVE;
				CLANG_WARN_UNREACHABLE_CODE = YES;
				CLANG_WARN__DUPLICATE_METHOD_MATCH = YES;
				COPY_PHASE_STRIP = NO;
				DEBUG_INFORMATION_FORMAT = dwarf;
				ENABLE_STRICT_OBJC_MSGSEND = YES;
				ENABLE_TESTABILITY = YES;
				ENABLE_USER_SCRIPT_SANDBOXING = YES;
				GCC_C_LANGUAGE_STANDARD = gnu17;
				GCC_DYNAMIC_NO_PIC = NO;
				GCC_NO_COMMON_BLOCKS = YES;
				GCC_OPTIMIZATION_LEVEL = 0;
				GCC_PREPROCESSOR_DEFINITIONS = (
					"DEBUG=1",
					"$(inherited)",
				);
				GCC_WARN_64_TO_32_BIT_CONVERSION = YES;
				GCC_WARN_ABOUT_RETURN_TYPE = YES_ERROR;
				GCC_WARN_UNDECLARED_SELECTOR = YES;
				GCC_WARN_UNINITIALIZED_AUTOS = YES_AGGRESSIVE;
				GCC_WARN_UNUSED_FUNCTION = YES;
				GCC_WARN_UNUSED_VARIABLE = YES;
				IPHONEOS_DEPLOYMENT_TARGET = 17.5;
				LOCALIZATION_PREFERS_STRING_CATALOGS = YES;
				MTL_ENABLE_DEBUG_INFO = INCLUDE_SOURCE;
				MTL_FAST_MATH = YES;
				ONLY_ACTIVE_ARCH = YES;
				SDKROOT = iphoneos;
				SWIFT_ACTIVE_COMPILATION_CONDITIONS = "DEBUG $(inherited)";
				SWIFT_OPTIMIZATION_LEVEL = "-Onone";
			};
			name = Debug;
		};
		D31639E12C7622E70069F938 /* Release */ = {
			isa = XCBuildConfiguration;
			buildSettings = {
				ALWAYS_SEARCH_USER_PATHS = NO;
				ASSETCATALOG_COMPILER_GENERATE_SWIFT_ASSET_SYMBOL_EXTENSIONS = YES;
				CLANG_ANALYZER_NONNULL = YES;
				CLANG_ANALYZER_NUMBER_OBJECT_CONVERSION = YES_AGGRESSIVE;
				CLANG_CXX_LANGUAGE_STANDARD = "gnu++20";
				CLANG_ENABLE_MODULES = YES;
				CLANG_ENABLE_OBJC_ARC = YES;
				CLANG_ENABLE_OBJC_WEAK = YES;
				CLANG_WARN_BLOCK_CAPTURE_AUTORELEASING = YES;
				CLANG_WARN_BOOL_CONVERSION = YES;
				CLANG_WARN_COMMA = YES;
				CLANG_WARN_CONSTANT_CONVERSION = YES;
				CLANG_WARN_DEPRECATED_OBJC_IMPLEMENTATIONS = YES;
				CLANG_WARN_DIRECT_OBJC_ISA_USAGE = YES_ERROR;
				CLANG_WARN_DOCUMENTATION_COMMENTS = YES;
				CLANG_WARN_EMPTY_BODY = YES;
				CLANG_WARN_ENUM_CONVERSION = YES;
				CLANG_WARN_INFINITE_RECURSION = YES;
				CLANG_WARN_INT_CONVERSION = YES;
				CLANG_WARN_NON_LITERAL_NULL_CONVERSION = YES;
				CLANG_WARN_OBJC_IMPLICIT_RETAIN_SELF = YES;
				CLANG_WARN_OBJC_LITERAL_CONVERSION = YES;
				CLANG_WARN_OBJC_ROOT_CLASS = YES_ERROR;
				CLANG_WARN_QUOTED_INCLUDE_IN_FRAMEWORK_HEADER = YES;
				CLANG_WARN_RANGE_LOOP_ANALYSIS = YES;
				CLANG_WARN_STRICT_PROTOTYPES = YES;
				CLANG_WARN_SUSPICIOUS_MOVE = YES;
				CLANG_WARN_UNGUARDED_AVAILABILITY = YES_AGGRESSIVE;
				CLANG_WARN_UNREACHABLE_CODE = YES;
				CLANG_WARN__DUPLICATE_METHOD_MATCH = YES;
				COPY_PHASE_STRIP = NO;
				DEBUG_INFORMATION_FORMAT = "dwarf-with-dsym";
				ENABLE_NS_ASSERTIONS = NO;
				ENABLE_STRICT_OBJC_MSGSEND = YES;
				ENABLE_USER_SCRIPT_SANDBOXING = YES;
				GCC_C_LANGUAGE_STANDARD = gnu17;
				GCC_NO_COMMON_BLOCKS = YES;
				GCC_WARN_64_TO_32_BIT_CONVERSION = YES;
				GCC_WARN_ABOUT_RETURN_TYPE = YES_ERROR;
				GCC_WARN_UNDECLARED_SELECTOR = YES;
				GCC_WARN_UNINITIALIZED_AUTOS = YES_AGGRESSIVE;
				GCC_WARN_UNUSED_FUNCTION = YES;
				GCC_WARN_UNUSED_VARIABLE = YES;
				IPHONEOS_DEPLOYMENT_TARGET = 17.5;
				LOCALIZATION_PREFERS_STRING_CATALOGS = YES;
				MTL_ENABLE_DEBUG_INFO = NO;
				MTL_FAST_MATH = YES;
				SDKROOT = iphoneos;
				SWIFT_COMPILATION_MODE = wholemodule;
				VALIDATE_PRODUCT = YES;
			};
			name = Release;
		};
		D31639E32C7622E70069F938 /* Debug */ = {
			isa = XCBuildConfiguration;
			buildSettings = {
				ASSETCATALOG_COMPILER_APPICON_NAME = AppIcon;
				ASSETCATALOG_COMPILER_GLOBAL_ACCENT_COLOR_NAME = AccentColor;
				CODE_SIGN_STYLE = Automatic;
				CURRENT_PROJECT_VERSION = 1;
				DEVELOPMENT_ASSET_PATHS = "\"PracticumProject/Preview Content\"";
				DEVELOPMENT_TEAM = Z2C34ADS35;
				ENABLE_PREVIEWS = YES;
				GENERATE_INFOPLIST_FILE = YES;
				INFOPLIST_KEY_UIApplicationSceneManifest_Generation = YES;
				INFOPLIST_KEY_UIApplicationSupportsIndirectInputEvents = YES;
				INFOPLIST_KEY_UILaunchScreen_Generation = YES;
				INFOPLIST_KEY_UISupportedInterfaceOrientations_iPad = "UIInterfaceOrientationPortrait UIInterfaceOrientationPortraitUpsideDown UIInterfaceOrientationLandscapeLeft UIInterfaceOrientationLandscapeRight";
				INFOPLIST_KEY_UISupportedInterfaceOrientations_iPhone = "UIInterfaceOrientationPortrait UIInterfaceOrientationLandscapeLeft UIInterfaceOrientationLandscapeRight";
				LD_RUNPATH_SEARCH_PATHS = (
					"$(inherited)",
					"@executable_path/Frameworks",
				);
				MARKETING_VERSION = 1.0;
				PRODUCT_BUNDLE_IDENTIFIER = com.brian.PracticumProject;
				PRODUCT_NAME = "$(TARGET_NAME)";
				SWIFT_EMIT_LOC_STRINGS = YES;
				SWIFT_VERSION = 5.0;
				TARGETED_DEVICE_FAMILY = "1,2";
			};
			name = Debug;
		};
		D31639E42C7622E70069F938 /* Release */ = {
			isa = XCBuildConfiguration;
			buildSettings = {
				ASSETCATALOG_COMPILER_APPICON_NAME = AppIcon;
				ASSETCATALOG_COMPILER_GLOBAL_ACCENT_COLOR_NAME = AccentColor;
				CODE_SIGN_STYLE = Automatic;
				CURRENT_PROJECT_VERSION = 1;
				DEVELOPMENT_ASSET_PATHS = "\"PracticumProject/Preview Content\"";
				DEVELOPMENT_TEAM = Z2C34ADS35;
				ENABLE_PREVIEWS = YES;
				GENERATE_INFOPLIST_FILE = YES;
				INFOPLIST_KEY_UIApplicationSceneManifest_Generation = YES;
				INFOPLIST_KEY_UIApplicationSupportsIndirectInputEvents = YES;
				INFOPLIST_KEY_UILaunchScreen_Generation = YES;
				INFOPLIST_KEY_UISupportedInterfaceOrientations_iPad = "UIInterfaceOrientationPortrait UIInterfaceOrientationPortraitUpsideDown UIInterfaceOrientationLandscapeLeft UIInterfaceOrientationLandscapeRight";
				INFOPLIST_KEY_UISupportedInterfaceOrientations_iPhone = "UIInterfaceOrientationPortrait UIInterfaceOrientationLandscapeLeft UIInterfaceOrientationLandscapeRight";
				LD_RUNPATH_SEARCH_PATHS = (
					"$(inherited)",
					"@executable_path/Frameworks",
				);
				MARKETING_VERSION = 1.0;
				PRODUCT_BUNDLE_IDENTIFIER = com.brian.PracticumProject;
				PRODUCT_NAME = "$(TARGET_NAME)";
				SWIFT_EMIT_LOC_STRINGS = YES;
				SWIFT_VERSION = 5.0;
				TARGETED_DEVICE_FAMILY = "1,2";
			};
			name = Release;
		};
/* End XCBuildConfiguration section */

/* Begin XCConfigurationList section */
		D31639CF2C7622E60069F938 /* Build configuration list for PBXProject "PracticumProject" */ = {
			isa = XCConfigurationList;
			buildConfigurations = (
				D31639E02C7622E70069F938 /* Debug */,
				D31639E12C7622E70069F938 /* Release */,
			);
			defaultConfigurationIsVisible = 0;
			defaultConfigurationName = Release;
		};
		D31639E22C7622E70069F938 /* Build configuration list for PBXNativeTarget "PracticumProject" */ = {
			isa = XCConfigurationList;
			buildConfigurations = (
				D31639E32C7622E70069F938 /* Debug */,
				D31639E42C7622E70069F938 /* Release */,
			);
			defaultConfigurationIsVisible = 0;
			defaultConfigurationName = Release;
		};
/* End XCConfigurationList section */

/* Begin XCRemoteSwiftPackageReference section */
		D38C9BDC2C8223FC004D9000 /* XCRemoteSwiftPackageReference "firebase-ios-sdk" */ = {
			isa = XCRemoteSwiftPackageReference;
			repositoryURL = "https://github.com/firebase/firebase-ios-sdk";
			requirement = {
				kind = upToNextMajorVersion;
				minimumVersion = 11.1.0;
			};
		};
/* End XCRemoteSwiftPackageReference section */

/* Begin XCSwiftPackageProductDependency section */
		D38C9BDD2C8223FC004D9000 /* FirebaseAuth */ = {
			isa = XCSwiftPackageProductDependency;
			package = D38C9BDC2C8223FC004D9000 /* XCRemoteSwiftPackageReference "firebase-ios-sdk" */;
			productName = FirebaseAuth;
		};
		D38C9BDF2C8223FC004D9000 /* FirebaseFirestore */ = {
			isa = XCSwiftPackageProductDependency;
			package = D38C9BDC2C8223FC004D9000 /* XCRemoteSwiftPackageReference "firebase-ios-sdk" */;
			productName = FirebaseFirestore;
		};
/* End XCSwiftPackageProductDependency section */
	};
	rootObject = D31639CC2C7622E60069F938 /* Project object */;
}
